
Microsoft Visual Studio Solution File, Format Version 12.00
# Visual Studio 15
VisualStudioVersion = 15.0.27428.2043
MinimumVisualStudioVersion = 10.0.40219.1
Project("{FAE04EC0-301F-11D3-BF4B-00C04F79EFBC}") = "nlp", "nlp\nlp.csproj", "{A094EC08-DB34-46ED-904C-C4C63D876E26}"
EndProject
Global
	GlobalSection(SolutionConfigurationPlatforms) = preSolution
		Debug|Any CPU = Debug|Any CPU
		Release|Any CPU = Release|Any CPU
	EndGlobalSection
	GlobalSection(ProjectConfigurationPlatforms) = postSolution
		{A094EC08-DB34-46ED-904C-C4C63D876E26}.Debug|Any CPU.ActiveCfg = Debug|Any CPU
		{A094EC08-DB34-46ED-904C-C4C63D876E26}.Debug|Any CPU.Build.0 = Debug|Any CPU
		{A094EC08-DB34-46ED-904C-C4C63D876E26}.Release|Any CPU.ActiveCfg = Release|Any CPU
		{A094EC08-DB34-46ED-904C-C4C63D876E26}.Release|Any CPU.Build.0 = Release|Any CPU
	EndGlobalSection
	GlobalSection(SolutionProperties) = preSolution
		HideSolutionNode = FALSE
	EndGlobalSection
	GlobalSection(ExtensibilityGlobals) = postSolution
		SolutionGuid = {1F808B06-1E92-44F4-9FD6-C586C1EB3401}
	EndGlobalSection
EndGlobal
